{
  "name": "terminal-js",
  "version": "1.0.0-beta",
  "lockfileVersion": 2,
  "requires": true,
  "packages": {
    "": {
      "name": "terminal-js",
      "version": "1.0.0-beta",
      "license": "ISC",
      "dependencies": {
        "terminal": "^0.1.4",
        "terminal-js": "^1.0.2"
      }
    },
    "node_modules/lodash": {
      "version": "4.17.21",
      "resolved": "https://registry.npmjs.org/lodash/-/lodash-4.17.21.tgz",
      "integrity": "sha512-v2kDEe57lecTulaDIuNTPy3Ry4gLGJ6Z1O3vE1krgXZNrsQ+LFTGHVxVjcXPs17LhbZVGedAJv8XZ1tvj5FvSg=="
    },
    "node_modules/sprintf": {
      "version": "0.1.5",
      "resolved": "https://registry.npmjs.org/sprintf/-/sprintf-0.1.5.tgz",
      "integrity": "sha1-j4PjmpMXwaUCy324BQ5Rxnn27c8=",
      "deprecated": "The sprintf package is deprecated in favor of sprintf-js.",
      "engines": {
        "node": ">=0.2.4"
      }
    },
    "node_modules/terminal": {
      "version": "0.1.4",
      "resolved": "https://registry.npmjs.org/terminal/-/terminal-0.1.4.tgz",
      "integrity": "sha1-lEICZft5byoPoE6R4bSUk7AZi6E=",
      "dependencies": {
        "sprintf": ">= 0.1.1"
      },
      "engines": {
        "node": ">= 0.4.0"
      }
    },
    "node_modules/terminal-js": {
      "version": "1.0.2",
      "resolved": "https://registry.npmjs.org/terminal-js/-/terminal-js-1.0.2.tgz",
      "integrity": "sha1-XTMQviIVhbx82f/e5sSaICtvxTw=",
      "dependencies": {
        "lodash": "^4.6.1"
      }
    }
  },
  "dependencies": {
    "lodash": {
      "version": "4.17.21",
      "resolved": "https://registry.npmjs.org/lodash/-/lodash-4.17.21.tgz",
      "integrity": "sha512-v2kDEe57lecTulaDIuNTPy3Ry4gLGJ6Z1O3vE1krgXZNrsQ+LFTGHVxVjcXPs17LhbZVGedAJv8XZ1tvj5FvSg=="
    },
    "sprintf": {
      "version": "0.1.5",
      "resolved": "https://registry.npmjs.org/sprintf/-/sprintf-0.1.5.tgz",
      "integrity": "sha1-j4PjmpMXwaUCy324BQ5Rxnn27c8="
    },
    "terminal": {
      "version": "0.1.4",
      "resolved": "https://registry.npmjs.org/terminal/-/terminal-0.1.4.tgz",
      "integrity": "sha1-lEICZft5byoPoE6R4bSUk7AZi6E=",
      "requires": {
        "sprintf": ">= 0.1.1"
      }
    },
    "terminal-js": {
      "version": "1.0.2",
      "resolved": "https://registry.npmjs.org/terminal-js/-/terminal-js-1.0.2.tgz",
      "integrity": "sha1-XTMQviIVhbx82f/e5sSaICtvxTw=",
      "requires": {
        "lodash": "^4.6.1"
      }
    }
  }
}
